
Microsoft Visual Studio Solution File, Format Version 12.00
# Visual Studio Version 16
VisualStudioVersion = 16.0.30907.101
MinimumVisualStudioVersion = 10.0.40219.1
Project("{FAE04EC0-301F-11D3-BF4B-00C04F79EFBC}") = "CW2", "CW2.csproj", "{69025558-BC05-4EDC-9396-F8892EE1FCEF}"
EndProject
Global
	GlobalSection(SolutionConfigurationPlatforms) = preSolution
		Debug|Any CPU = Debug|Any CPU
		Release|Any CPU = Release|Any CPU
	EndGlobalSection
	GlobalSection(ProjectConfigurationPlatforms) = postSolution
		{69025558-BC05-4EDC-9396-F8892EE1FCEF}.Debug|Any CPU.ActiveCfg = Debug|Any CPU
		{69025558-BC05-4EDC-9396-F8892EE1FCEF}.Debug|Any CPU.Build.0 = Debug|Any CPU
		{69025558-BC05-4EDC-9396-F8892EE1FCEF}.Release|Any CPU.ActiveCfg = Release|Any CPU
		{69025558-BC05-4EDC-9396-F8892EE1FCEF}.Release|Any CPU.Build.0 = Release|Any CPU
	EndGlobalSection
	GlobalSection(SolutionProperties) = preSolution
		HideSolutionNode = FALSE
	EndGlobalSection
	GlobalSection(ExtensibilityGlobals) = postSolution
		SolutionGuid = {1A42F0E8-ABC9-4335-9229-6B6945A22546}
	EndGlobalSection
EndGlobal
